// !$*UTF8*$!
{
	archiveVersion = 1;
	classes = {
	};
	objectVersion = 50;
	objects = {

/* Begin PBXBuildFile section */
		7ACF2871211621A100FA0659 /* AppDelegate.swift in Sources */ = {isa = PBXBuildFile; fileRef = 7ACF2870211621A100FA0659 /* AppDelegate.swift */; };
		7ACF2873211621A100FA0659 /* ViewController.swift in Sources */ = {isa = PBXBuildFile; fileRef = 7ACF2872211621A100FA0659 /* ViewController.swift */; };
		7ACF2875211621A400FA0659 /* Assets.xcassets in Resources */ = {isa = PBXBuildFile; fileRef = 7ACF2874211621A400FA0659 /* Assets.xcassets */; };
		7ACF2878211621A400FA0659 /* Main.storyboard in Resources */ = {isa = PBXBuildFile; fileRef = 7ACF2876211621A400FA0659 /* Main.storyboard */; };
		7ACF288C211624FE00FA0659 /* SleepyPug.jpg in Resources */ = {isa = PBXBuildFile; fileRef = 7ACF2881211624FE00FA0659 /* SleepyPug.jpg */; };
		7ACF288D211624FE00FA0659 /* Pug.jpg in Resources */ = {isa = PBXBuildFile; fileRef = 7ACF2882211624FE00FA0659 /* Pug.jpg */; };
		7ACF288E211624FE00FA0659 /* PugBlep.jpg in Resources */ = {isa = PBXBuildFile; fileRef = 7ACF2883211624FE00FA0659 /* PugBlep.jpg */; };
		7ACF288F211624FE00FA0659 /* LickingPug.jpg in Resources */ = {isa = PBXBuildFile; fileRef = 7ACF2884211624FE00FA0659 /* LickingPug.jpg */; };
		7ACF2890211624FE00FA0659 /* PugBelly.jpg in Resources */ = {isa = PBXBuildFile; fileRef = 7ACF2885211624FE00FA0659 /* PugBelly.jpg */; };
		7ACF2891211624FE00FA0659 /* SittingPug.jpg in Resources */ = {isa = PBXBuildFile; fileRef = 7ACF2886211624FE00FA0659 /* SittingPug.jpg */; };
		7ACF2892211624FE00FA0659 /* PugWig.jpg in Resources */ = {isa = PBXBuildFile; fileRef = 7ACF2887211624FE00FA0659 /* PugWig.jpg */; };
		7ACF2893211624FE00FA0659 /* NaughtyPug.jpg in Resources */ = {isa = PBXBuildFile; fileRef = 7ACF2888211624FE00FA0659 /* NaughtyPug.jpg */; };
		7ACF2894211624FE00FA0659 /* DignifiedPug.jpg in Resources */ = {isa = PBXBuildFile; fileRef = 7ACF2889211624FE00FA0659 /* DignifiedPug.jpg */; };
		7ACF2895211624FE00FA0659 /* HappyPug.jpg in Resources */ = {isa = PBXBuildFile; fileRef = 7ACF288A211624FE00FA0659 /* HappyPug.jpg */; };
		7ACF2896211624FE00FA0659 /* SmilingPug.jpg in Resources */ = {isa = PBXBuildFile; fileRef = 7ACF288B211624FE00FA0659 /* SmilingPug.jpg */; };
		7ACF289821162AD100FA0659 /* SourceViewController.swift in Sources */ = {isa = PBXBuildFile; fileRef = 7ACF289721162AD100FA0659 /* SourceViewController.swift */; };
		7ACF289A21162B7200FA0659 /* DetailViewController.swift in Sources */ = {isa = PBXBuildFile; fileRef = 7ACF289921162B7200FA0659 /* DetailViewController.swift */; };
/* End PBXBuildFile section */

/* Begin PBXFileReference section */
		7ACF286D211621A100FA0659 /* PugViewer.app */ = {isa = PBXFileReference; explicitFileType = wrapper.application; includeInIndex = 0; path = PugViewer.app; sourceTree = BUILT_PRODUCTS_DIR; };
		7ACF2870211621A100FA0659 /* AppDelegate.swift */ = {isa = PBXFileReference; lastKnownFileType = sourcecode.swift; path = AppDelegate.swift; sourceTree = "<group>"; };
		7ACF2872211621A100FA0659 /* ViewController.swift */ = {isa = PBXFileReference; lastKnownFileType = sourcecode.swift; path = ViewController.swift; sourceTree = "<group>"; };
		7ACF2874211621A400FA0659 /* Assets.xcassets */ = {isa = PBXFileReference; lastKnownFileType = folder.assetcatalog; path = Assets.xcassets; sourceTree = "<group>"; };
		7ACF2877211621A400FA0659 /* Base */ = {isa = PBXFileReference; lastKnownFileType = file.storyboard; name = Base; path = Base.lproj/Main.storyboard; sourceTree = "<group>"; };
		7ACF2879211621A400FA0659 /* Info.plist */ = {isa = PBXFileReference; lastKnownFileType = text.plist.xml; path = Info.plist; sourceTree = "<group>"; };
		7ACF287A211621A400FA0659 /* PugViewer.entitlements */ = {isa = PBXFileReference; lastKnownFileType = text.plist.entitlements; path = PugViewer.entitlements; sourceTree = "<group>"; };
		7ACF2881211624FE00FA0659 /* SleepyPug.jpg */ = {isa = PBXFileReference; lastKnownFileType = image.jpeg; path = SleepyPug.jpg; sourceTree = "<group>"; };
		7ACF2882211624FE00FA0659 /* Pug.jpg */ = {isa = PBXFileReference; lastKnownFileType = image.jpeg; path = Pug.jpg; sourceTree = "<group>"; };
		7ACF2883211624FE00FA0659 /* PugBlep.jpg */ = {isa = PBXFileReference; lastKnownFileType = image.jpeg; path = PugBlep.jpg; sourceTree = "<group>"; };
		7ACF2884211624FE00FA0659 /* LickingPug.jpg */ = {isa = PBXFileReference; lastKnownFileType = image.jpeg; path = LickingPug.jpg; sourceTree = "<group>"; };
		7ACF2885211624FE00FA0659 /* PugBelly.jpg */ = {isa = PBXFileReference; lastKnownFileType = image.jpeg; path = PugBelly.jpg; sourceTree = "<group>"; };
		7ACF2886211624FE00FA0659 /* SittingPug.jpg */ = {isa = PBXFileReference; lastKnownFileType = image.jpeg; path = SittingPug.jpg; sourceTree = "<group>"; };
		7ACF2887211624FE00FA0659 /* PugWig.jpg */ = {isa = PBXFileReference; lastKnownFileType = image.jpeg; path = PugWig.jpg; sourceTree = "<group>"; };
		7ACF2888211624FE00FA0659 /* NaughtyPug.jpg */ = {isa = PBXFileReference; lastKnownFileType = image.jpeg; path = NaughtyPug.jpg; sourceTree = "<group>"; };
		7ACF2889211624FE00FA0659 /* DignifiedPug.jpg */ = {isa = PBXFileReference; lastKnownFileType = image.jpeg; path = DignifiedPug.jpg; sourceTree = "<group>"; };
		7ACF288A211624FE00FA0659 /* HappyPug.jpg */ = {isa = PBXFileReference; lastKnownFileType = image.jpeg; path = HappyPug.jpg; sourceTree = "<group>"; };
		7ACF288B211624FE00FA0659 /* SmilingPug.jpg */ = {isa = PBXFileReference; lastKnownFileType = image.jpeg; path = SmilingPug.jpg; sourceTree = "<group>"; };
		7ACF289721162AD100FA0659 /* SourceViewController.swift */ = {isa = PBXFileReference; lastKnownFileType = sourcecode.swift; path = SourceViewController.swift; sourceTree = "<group>"; };
		7ACF289921162B7200FA0659 /* DetailViewController.swift */ = {isa = PBXFileReference; lastKnownFileType = sourcecode.swift; path = DetailViewController.swift; sourceTree = "<group>"; };
/* End PBXFileReference section */

/* Begin PBXFrameworksBuildPhase section */
		7ACF286A211621A100FA0659 /* Frameworks */ = {
			isa = PBXFrameworksBuildPhase;
			buildActionMask = 2147483647;
			files = (
			);
			runOnlyForDeploymentPostprocessing = 0;
		};
/* End PBXFrameworksBuildPhase section */

/* Begin PBXGroup section */
		7ACF2864211621A100FA0659 = {
			isa = PBXGroup;
			children = (
				7ACF286F211621A100FA0659 /* PugViewer */,
				7ACF286E211621A100FA0659 /* Products */,
			);
			sourceTree = "<group>";
		};
		7ACF286E211621A100FA0659 /* Products */ = {
			isa = PBXGroup;
			children = (
				7ACF286D211621A100FA0659 /* PugViewer.app */,
			);
			name = Products;
			sourceTree = "<group>";
		};
		7ACF286F211621A100FA0659 /* PugViewer */ = {
			isa = PBXGroup;
			children = (
				7ACF2870211621A100FA0659 /* AppDelegate.swift */,
				7ACF2872211621A100FA0659 /* ViewController.swift */,
				7ACF2874211621A400FA0659 /* Assets.xcassets */,
				7ACF2876211621A400FA0659 /* Main.storyboard */,
				7ACF289721162AD100FA0659 /* SourceViewController.swift */,
				7ACF289921162B7200FA0659 /* DetailViewController.swift */,
				7ACF2879211621A400FA0659 /* Info.plist */,
				7ACF2880211624FE00FA0659 /* Content */,
				7ACF287A211621A400FA0659 /* PugViewer.entitlements */,
			);
			path = PugViewer;
			sourceTree = "<group>";
		};
		7ACF2880211624FE00FA0659 /* Content */ = {
			isa = PBXGroup;
			children = (
				7ACF2881211624FE00FA0659 /* SleepyPug.jpg */,
				7ACF2882211624FE00FA0659 /* Pug.jpg */,
				7ACF2883211624FE00FA0659 /* PugBlep.jpg */,
				7ACF2884211624FE00FA0659 /* LickingPug.jpg */,
				7ACF2885211624FE00FA0659 /* PugBelly.jpg */,
				7ACF2886211624FE00FA0659 /* SittingPug.jpg */,
				7ACF2887211624FE00FA0659 /* PugWig.jpg */,
				7ACF2888211624FE00FA0659 /* NaughtyPug.jpg */,
				7ACF2889211624FE00FA0659 /* DignifiedPug.jpg */,
				7ACF288A211624FE00FA0659 /* HappyPug.jpg */,
				7ACF288B211624FE00FA0659 /* SmilingPug.jpg */,
			);
			path = Content;
			sourceTree = "<group>";
		};
/* End PBXGroup section */

/* Begin PBXNativeTarget section */
		7ACF286C211621A100FA0659 /* PugViewer */ = {
			isa = PBXNativeTarget;
			buildConfigurationList = 7ACF287D211621A400FA0659 /* Build configuration list for PBXNativeTarget "PugViewer" */;
			buildPhases = (
				7ACF2869211621A100FA0659 /* Sources */,
				7ACF286A211621A100FA0659 /* Frameworks */,
				7ACF286B211621A100FA0659 /* Resources */,
			);
			buildRules = (
			);
			dependencies = (
			);
			name = PugViewer;
			productName = PugViewer;
			productReference = 7ACF286D211621A100FA0659 /* PugViewer.app */;
			productType = "com.apple.product-type.application";
		};
/* End PBXNativeTarget section */

/* Begin PBXProject section */
		7ACF2865211621A100FA0659 /* Project object */ = {
			isa = PBXProject;
			attributes = {
				LastSwiftUpdateCheck = 0940;
				LastUpgradeCheck = 0940;
				ORGANIZATIONNAME = "Adrien Maranville";
				TargetAttributes = {
					7ACF286C211621A100FA0659 = {
						CreatedOnToolsVersion = 9.4.1;
					};
				};
			};
			buildConfigurationList = 7ACF2868211621A100FA0659 /* Build configuration list for PBXProject "PugViewer" */;
			compatibilityVersion = "Xcode 9.3";
			developmentRegion = en;
			hasScannedForEncodings = 0;
			knownRegions = (
				en,
				Base,
			);
			mainGroup = 7ACF2864211621A100FA0659;
			productRefGroup = 7ACF286E211621A100FA0659 /* Products */;
			projectDirPath = "";
			projectRoot = "";
			targets = (
				7ACF286C211621A100FA0659 /* PugViewer */,
			);
		};
/* End PBXProject section */

/* Begin PBXResourcesBuildPhase section */
		7ACF286B211621A100FA0659 /* Resources */ = {
			isa = PBXResourcesBuildPhase;
			buildActionMask = 2147483647;
			files = (
				7ACF288C211624FE00FA0659 /* SleepyPug.jpg in Resources */,
				7ACF2890211624FE00FA0659 /* PugBelly.jpg in Resources */,
				7ACF2875211621A400FA0659 /* Assets.xcassets in Resources */,
				7ACF2896211624FE00FA0659 /* SmilingPug.jpg in Resources */,
				7ACF2893211624FE00FA0659 /* NaughtyPug.jpg in Resources */,
				7ACF2894211624FE00FA0659 /* DignifiedPug.jpg in Resources */,
				7ACF2891211624FE00FA0659 /* SittingPug.jpg in Resources */,
				7ACF2892211624FE00FA0659 /* PugWig.jpg in Resources */,
				7ACF288F211624FE00FA0659 /* LickingPug.jpg in Resources */,
				7ACF288E211624FE00FA0659 /* PugBlep.jpg in Resources */,
				7ACF2895211624FE00FA0659 /* HappyPug.jpg in Resources */,
				7ACF288D211624FE00FA0659 /* Pug.jpg in Resources */,
				7ACF2878211621A400FA0659 /* Main.storyboard in Resources */,
			);
			runOnlyForDeploymentPostprocessing = 0;
		};
/* End PBXResourcesBuildPhase section */

/* Begin PBXSourcesBuildPhase section */
		7ACF2869211621A100FA0659 /* Sources */ = {
			isa = PBXSourcesBuildPhase;
			buildActionMask = 2147483647;
			files = (
				7ACF2873211621A100FA0659 /* ViewController.swift in Sources */,
				7ACF2871211621A100FA0659 /* AppDelegate.swift in Sources */,
				7ACF289821162AD100FA0659 /* SourceViewController.swift in Sources */,
				7ACF289A21162B7200FA0659 /* DetailViewController.swift in Sources */,
			);
			runOnlyForDeploymentPostprocessing = 0;
		};
/* End PBXSourcesBuildPhase section */

/* Begin PBXVariantGroup section */
		7ACF2876211621A400FA0659 /* Main.storyboard */ = {
			isa = PBXVariantGroup;
			children = (
				7ACF2877211621A400FA0659 /* Base */,
			);
			name = Main.storyboard;
			sourceTree = "<group>";
		};
/* End PBXVariantGroup section */

/* Begin XCBuildConfiguration section */
		7ACF287B211621A400FA0659 /* Debug */ = {
			isa = XCBuildConfiguration;
			buildSettings = {
				ALWAYS_SEARCH_USER_PATHS = NO;
				CLANG_ANALYZER_NONNULL = YES;
				CLANG_ANALYZER_NUMBER_OBJECT_CONVERSION = YES_AGGRESSIVE;
				CLANG_CXX_LANGUAGE_STANDARD = "gnu++14";
				CLANG_CXX_LIBRARY = "libc++";
				CLANG_ENABLE_MODULES = YES;
				CLANG_ENABLE_OBJC_ARC = YES;
				CLANG_ENABLE_OBJC_WEAK = YES;
				CLANG_WARN_BLOCK_CAPTURE_AUTORELEASING = YES;
				CLANG_WARN_BOOL_CONVERSION = YES;
				CLANG_WARN_COMMA = YES;
				CLANG_WARN_CONSTANT_CONVERSION = YES;
				CLANG_WARN_DEPRECATED_OBJC_IMPLEMENTATIONS = YES;
				CLANG_WARN_DIRECT_OBJC_ISA_USAGE = YES_ERROR;
				CLANG_WARN_DOCUMENTATION_COMMENTS = YES;
				CLANG_WARN_EMPTY_BODY = YES;
				CLANG_WARN_ENUM_CONVERSION = YES;
				CLANG_WARN_INFINITE_RECURSION = YES;
				CLANG_WARN_INT_CONVERSION = YES;
				CLANG_WARN_NON_LITERAL_NULL_CONVERSION = YES;
				CLANG_WARN_OBJC_IMPLICIT_RETAIN_SELF = YES;
				CLANG_WARN_OBJC_LITERAL_CONVERSION = YES;
				CLANG_WARN_OBJC_ROOT_CLASS = YES_ERROR;
				CLANG_WARN_RANGE_LOOP_ANALYSIS = YES;
				CLANG_WARN_STRICT_PROTOTYPES = YES;
				CLANG_WARN_SUSPICIOUS_MOVE = YES;
				CLANG_WARN_UNGUARDED_AVAILABILITY = YES_AGGRESSIVE;
				CLANG_WARN_UNREACHABLE_CODE = YES;
				CLANG_WARN__DUPLICATE_METHOD_MATCH = YES;
				CODE_SIGN_IDENTITY = "Mac Developer";
				COPY_PHASE_STRIP = NO;
				DEBUG_INFORMATION_FORMAT = dwarf;
				ENABLE_STRICT_OBJC_MSGSEND = YES;
				ENABLE_TESTABILITY = YES;
				GCC_C_LANGUAGE_STANDARD = gnu11;
				GCC_DYNAMIC_NO_PIC = NO;
				GCC_NO_COMMON_BLOCKS = YES;
				GCC_OPTIMIZATION_LEVEL = 0;
				GCC_PREPROCESSOR_DEFINITIONS = (
					"DEBUG=1",
					"$(inherited)",
				);
				GCC_WARN_64_TO_32_BIT_CONVERSION = YES;
				GCC_WARN_ABOUT_RETURN_TYPE = YES_ERROR;
				GCC_WARN_UNDECLARED_SELECTOR = YES;
				GCC_WARN_UNINITIALIZED_AUTOS = YES_AGGRESSIVE;
				GCC_WARN_UNUSED_FUNCTION = YES;
				GCC_WARN_UNUSED_VARIABLE = YES;
				MACOSX_DEPLOYMENT_TARGET = 10.13;
				MTL_ENABLE_DEBUG_INFO = YES;
				ONLY_ACTIVE_ARCH = YES;
				SDKROOT = macosx;
				SWIFT_ACTIVE_COMPILATION_CONDITIONS = DEBUG;
				SWIFT_OPTIMIZATION_LEVEL = "-Onone";
			};
			name = Debug;
		};
		7ACF287C211621A400FA0659 /* Release */ = {
			isa = XCBuildConfiguration;
			buildSettings = {
				ALWAYS_SEARCH_USER_PATHS = NO;
				CLANG_ANALYZER_NONNULL = YES;
				CLANG_ANALYZER_NUMBER_OBJECT_CONVERSION = YES_AGGRESSIVE;
				CLANG_CXX_LANGUAGE_STANDARD = "gnu++14";
				CLANG_CXX_LIBRARY = "libc++";
				CLANG_ENABLE_MODULES = YES;
				CLANG_ENABLE_OBJC_ARC = YES;
				CLANG_ENABLE_OBJC_WEAK = YES;
				CLANG_WARN_BLOCK_CAPTURE_AUTORELEASING = YES;
				CLANG_WARN_BOOL_CONVERSION = YES;
				CLANG_WARN_COMMA = YES;
				CLANG_WARN_CONSTANT_CONVERSION = YES;
				CLANG_WARN_DEPRECATED_OBJC_IMPLEMENTATIONS = YES;
				CLANG_WARN_DIRECT_OBJC_ISA_USAGE = YES_ERROR;
				CLANG_WARN_DOCUMENTATION_COMMENTS = YES;
				CLANG_WARN_EMPTY_BODY = YES;
				CLANG_WARN_ENUM_CONVERSION = YES;
				CLANG_WARN_INFINITE_RECURSION = YES;
				CLANG_WARN_INT_CONVERSION = YES;
				CLANG_WARN_NON_LITERAL_NULL_CONVERSION = YES;
				CLANG_WARN_OBJC_IMPLICIT_RETAIN_SELF = YES;
				CLANG_WARN_OBJC_LITERAL_CONVERSION = YES;
				CLANG_WARN_OBJC_ROOT_CLASS = YES_ERROR;
				CLANG_WARN_RANGE_LOOP_ANALYSIS = YES;
				CLANG_WARN_STRICT_PROTOTYPES = YES;
				CLANG_WARN_SUSPICIOUS_MOVE = YES;
				CLANG_WARN_UNGUARDED_AVAILABILITY = YES_AGGRESSIVE;
				CLANG_WARN_UNREACHABLE_CODE = YES;
				CLANG_WARN__DUPLICATE_METHOD_MATCH = YES;
				CODE_SIGN_IDENTITY = "Mac Developer";
				COPY_PHASE_STRIP = NO;
				DEBUG_INFORMATION_FORMAT = "dwarf-with-dsym";
				ENABLE_NS_ASSERTIONS = NO;
				ENABLE_STRICT_OBJC_MSGSEND = YES;
				GCC_C_LANGUAGE_STANDARD = gnu11;
				GCC_NO_COMMON_BLOCKS = YES;
				GCC_WARN_64_TO_32_BIT_CONVERSION = YES;
				GCC_WARN_ABOUT_RETURN_TYPE = YES_ERROR;
				GCC_WARN_UNDECLARED_SELECTOR = YES;
				GCC_WARN_UNINITIALIZED_AUTOS = YES_AGGRESSIVE;
				GCC_WARN_UNUSED_FUNCTION = YES;
				GCC_WARN_UNUSED_VARIABLE = YES;
				MACOSX_DEPLOYMENT_TARGET = 10.13;
				MTL_ENABLE_DEBUG_INFO = NO;
				SDKROOT = macosx;
				SWIFT_COMPILATION_MODE = wholemodule;
				SWIFT_OPTIMIZATION_LEVEL = "-O";
			};
			name = Release;
		};
		7ACF287E211621A400FA0659 /* Debug */ = {
			isa = XCBuildConfiguration;
			buildSettings = {
				ASSETCATALOG_COMPILER_APPICON_NAME = AppIcon;
				CODE_SIGN_ENTITLEMENTS = PugViewer/PugViewer.entitlements;
				CODE_SIGN_STYLE = Automatic;
				COMBINE_HIDPI_IMAGES = YES;
				DEVELOPMENT_TEAM = 5342GBW3S2;
				INFOPLIST_FILE = PugViewer/Info.plist;
				LD_RUNPATH_SEARCH_PATHS = (
					"$(inherited)",
					"@executable_path/../Frameworks",
				);
				PRODUCT_BUNDLE_IDENTIFIER = io.maranville.PugViewer;
				PRODUCT_NAME = "$(TARGET_NAME)";
				SWIFT_VERSION = 4.0;
			};
			name = Debug;
		};
		7ACF287F211621A400FA0659 /* Release */ = {
			isa = XCBuildConfiguration;
			buildSettings = {
				ASSETCATALOG_COMPILER_APPICON_NAME = AppIcon;
				CODE_SIGN_ENTITLEMENTS = PugViewer/PugViewer.entitlements;
				CODE_SIGN_STYLE = Automatic;
				COMBINE_HIDPI_IMAGES = YES;
				DEVELOPMENT_TEAM = 5342GBW3S2;
				INFOPLIST_FILE = PugViewer/Info.plist;
				LD_RUNPATH_SEARCH_PATHS = (
					"$(inherited)",
					"@executable_path/../Frameworks",
				);
				PRODUCT_BUNDLE_IDENTIFIER = io.maranville.PugViewer;
				PRODUCT_NAME = "$(TARGET_NAME)";
				SWIFT_VERSION = 4.0;
			};
			name = Release;
		};
/* End XCBuildConfiguration section */

/* Begin XCConfigurationList section */
		7ACF2868211621A100FA0659 /* Build configuration list for PBXProject "PugViewer" */ = {
			isa = XCConfigurationList;
			buildConfigurations = (
				7ACF287B211621A400FA0659 /* Debug */,
				7ACF287C211621A400FA0659 /* Release */,
			);
			defaultConfigurationIsVisible = 0;
			defaultConfigurationName = Release;
		};
		7ACF287D211621A400FA0659 /* Build configuration list for PBXNativeTarget "PugViewer" */ = {
			isa = XCConfigurationList;
			buildConfigurations = (
				7ACF287E211621A400FA0659 /* Debug */,
				7ACF287F211621A400FA0659 /* Release */,
			);
			defaultConfigurationIsVisible = 0;
			defaultConfigurationName = Release;
		};
/* End XCConfigurationList section */
	};
	rootObject = 7ACF2865211621A100FA0659 /* Project object */;
}
